
Microsoft Visual Studio Solution File, Format Version 12.00
# Visual Studio 14
VisualStudioVersion = 14.0.25420.1
MinimumVisualStudioVersion = 10.0.40219.1
Project("{FAE04EC0-301F-11D3-BF4B-00C04F79EFBC}") = "Transit.Web", "Transit.Web\Transit.Web.csproj", "{7FC2EAB6-A9C4-48BC-98B9-F8775B14914D}"
EndProject
Project("{FAE04EC0-301F-11D3-BF4B-00C04F79EFBC}") = "Transit.Entities", "Transit.Entities\Transit.Entities.csproj", "{CB2A7042-C496-47BF-83D4-E8339383784F}"
EndProject
Project("{FAE04EC0-301F-11D3-BF4B-00C04F79EFBC}") = "Transit.Services", "Transit.Services\Transit.Services.csproj", "{3B229570-E188-4F95-94DB-F67C0D129C05}"
EndProject
Project("{FAE04EC0-301F-11D3-BF4B-00C04F79EFBC}") = "Transit.Data", "Transit.Data\Transit.Data.csproj", "{E15B7067-21EC-4683-9CEA-7A4572344A65}"
EndProject
Project("{FAE04EC0-301F-11D3-BF4B-00C04F79EFBC}") = "Transit.Commons", "Transit.Commons\Transit.Commons.csproj", "{44CCAF36-2F99-4E44-8DDF-9EBBBF8FEC40}"
EndProject
Global
	GlobalSection(SolutionConfigurationPlatforms) = preSolution
		Debug|Any CPU = Debug|Any CPU
		Release|Any CPU = Release|Any CPU
	EndGlobalSection
	GlobalSection(ProjectConfigurationPlatforms) = postSolution
		{7FC2EAB6-A9C4-48BC-98B9-F8775B14914D}.Debug|Any CPU.ActiveCfg = Debug|Any CPU
		{7FC2EAB6-A9C4-48BC-98B9-F8775B14914D}.Debug|Any CPU.Build.0 = Debug|Any CPU
		{7FC2EAB6-A9C4-48BC-98B9-F8775B14914D}.Release|Any CPU.ActiveCfg = Release|Any CPU
		{7FC2EAB6-A9C4-48BC-98B9-F8775B14914D}.Release|Any CPU.Build.0 = Release|Any CPU
		{CB2A7042-C496-47BF-83D4-E8339383784F}.Debug|Any CPU.ActiveCfg = Debug|Any CPU
		{CB2A7042-C496-47BF-83D4-E8339383784F}.Debug|Any CPU.Build.0 = Debug|Any CPU
		{CB2A7042-C496-47BF-83D4-E8339383784F}.Release|Any CPU.ActiveCfg = Release|Any CPU
		{CB2A7042-C496-47BF-83D4-E8339383784F}.Release|Any CPU.Build.0 = Release|Any CPU
		{3B229570-E188-4F95-94DB-F67C0D129C05}.Debug|Any CPU.ActiveCfg = Debug|Any CPU
		{3B229570-E188-4F95-94DB-F67C0D129C05}.Debug|Any CPU.Build.0 = Debug|Any CPU
		{3B229570-E188-4F95-94DB-F67C0D129C05}.Release|Any CPU.ActiveCfg = Release|Any CPU
		{3B229570-E188-4F95-94DB-F67C0D129C05}.Release|Any CPU.Build.0 = Release|Any CPU
		{E15B7067-21EC-4683-9CEA-7A4572344A65}.Debug|Any CPU.ActiveCfg = Debug|Any CPU
		{E15B7067-21EC-4683-9CEA-7A4572344A65}.Debug|Any CPU.Build.0 = Debug|Any CPU
		{E15B7067-21EC-4683-9CEA-7A4572344A65}.Release|Any CPU.ActiveCfg = Release|Any CPU
		{E15B7067-21EC-4683-9CEA-7A4572344A65}.Release|Any CPU.Build.0 = Release|Any CPU
		{44CCAF36-2F99-4E44-8DDF-9EBBBF8FEC40}.Debug|Any CPU.ActiveCfg = Debug|Any CPU
		{44CCAF36-2F99-4E44-8DDF-9EBBBF8FEC40}.Debug|Any CPU.Build.0 = Debug|Any CPU
		{44CCAF36-2F99-4E44-8DDF-9EBBBF8FEC40}.Release|Any CPU.ActiveCfg = Release|Any CPU
		{44CCAF36-2F99-4E44-8DDF-9EBBBF8FEC40}.Release|Any CPU.Build.0 = Release|Any CPU
	EndGlobalSection
	GlobalSection(SolutionProperties) = preSolution
		HideSolutionNode = FALSE
	EndGlobalSection
EndGlobal
